<?xml version="1.0" encoding="utf-8"?>
<Project ToolsVersion="4.0" xmlns="http://schemas.microsoft.com/developer/msbuild/2003">
  <ItemGroup>
    <ClCompile Include="stdafx.cpp" />
    <ClCompile Include="..\NppPyScriptWinSupport\src\DialogBox.cpp">
      <Filter>NppPyScriptWinSupport\src</Filter>
    </ClCompile>
    <ClCompile Include="..\NppPyScriptWinSupport\src\SampleDialogBox.cpp">
      <Filter>NppPyScriptWinSupport\src</Filter>
    </ClCompile>
    <ClCompile Include="..\NppPyScriptWinSupport\src\TreeView.cpp">
      <Filter>NppPyScriptWinSupport\src</Filter>
    </ClCompile>
    <ClCompile Include="..\NppPyScriptCore\src\Script.cpp">
      <Filter>NppPyScriptCore\src</Filter>
    </ClCompile>
    <ClCompile Include="..\NppPyScriptCore\src\ScriptGroup.cpp">
      <Filter>NppPyScriptCore\src</Filter>
    </ClCompile>
    <ClCompile Include="..\NppPyScriptCore\src\ScriptRegistry.cpp">
      <Filter>NppPyScriptCore\src</Filter>
    </ClCompile>
    <ClCompile Include="..\NppPyScriptCore\src\StringSupport.cpp">
      <Filter>NppPyScriptCore\src</Filter>
    </ClCompile>
    <ClCompile Include="..\NppPluginScriptView\src\NppPluginScriptView.cpp">
      <Filter>NppPluginScriptView\src</Filter>
    </ClCompile>
    <ClCompile Include="..\NppPluginScriptView\src\PluginDefinition.cpp">
      <Filter>NppPluginScriptView\src</Filter>
    </ClCompile>
    <ClCompile Include="..\NppPluginScriptView\src\PluginInterface.cpp">
      <Filter>NppPluginScriptView\src</Filter>
    </ClCompile>
    <ClCompile Include="..\NppDockingTemplate\src\ScriptsViewDlg.cpp">
      <Filter>NppDockingTemplate\src</Filter>
    </ClCompile>
    <ClCompile Include="..\NppDockingTemplate\src\StaticDialog.cpp">
      <Filter>NppDockingTemplate\src</Filter>
    </ClCompile>
    <ClCompile Include="..\NppPython\src\boostpython.cpp">
      <Filter>NppPython\src</Filter>
    </ClCompile>
    <ClCompile Include="..\NppPython\src\PythonPluginManager.cpp">
      <Filter>NppPython\src</Filter>
    </ClCompile>
    <ClCompile Include="..\NppScintillaPython\src\ArgumentException.cpp">
      <Filter>NppScintillaPython\src</Filter>
    </ClCompile>
    <ClCompile Include="..\NppScintillaPython\src\CallbackExecArgs.cpp">
      <Filter>NppScintillaPython\src</Filter>
    </ClCompile>
    <ClCompile Include="..\NppScintillaPython\src\ConfigFile.cpp">
      <Filter>NppScintillaPython\src</Filter>
    </ClCompile>
    <ClCompile Include="..\NppScintillaPython\src\DebugTrace.cpp">
      <Filter>NppScintillaPython\src</Filter>
    </ClCompile>
    <ClCompile Include="..\NppScintillaPython\src\DepthCounter.cpp">
      <Filter>NppScintillaPython\src</Filter>
    </ClCompile>
    <ClCompile Include="..\NppScintillaPython\src\DynamicIDManager.cpp">
      <Filter>NppScintillaPython\src</Filter>
    </ClCompile>
    <ClCompile Include="..\NppScintillaPython\src\EnumsWrapper.cpp">
      <Filter>NppScintillaPython\src</Filter>
    </ClCompile>
    <ClCompile Include="..\NppScintillaPython\src\GILManager.cpp">
      <Filter>NppScintillaPython\src</Filter>
    </ClCompile>
    <ClCompile Include="..\NppScintillaPython\src\GroupNotFoundException.cpp">
      <Filter>NppScintillaPython\src</Filter>
    </ClCompile>
    <ClCompile Include="..\NppScintillaPython\src\HelpController.cpp">
      <Filter>NppScintillaPython\src</Filter>
    </ClCompile>
    <ClCompile Include="..\NppScintillaPython\src\InvalidValueProvidedException.cpp">
      <Filter>NppScintillaPython\src</Filter>
    </ClCompile>
    <ClCompile Include="..\NppScintillaPython\src\MainThread.cpp">
      <Filter>NppScintillaPython\src</Filter>
    </ClCompile>
    <ClCompile Include="..\NppScintillaPython\src\Match.cpp">
      <Filter>NppScintillaPython\src</Filter>
    </ClCompile>
    <ClCompile Include="..\NppScintillaPython\src\MatchPython.cpp">
      <Filter>NppScintillaPython\src</Filter>
    </ClCompile>
    <ClCompile Include="..\NppScintillaPython\src\NotAllowedInCallbackException.cpp">
      <Filter>NppScintillaPython\src</Filter>
    </ClCompile>
    <ClCompile Include="..\NppScintillaPython\src\NotepadPlusWrapper.cpp">
      <Filter>NppScintillaPython\src</Filter>
    </ClCompile>
    <ClCompile Include="..\NppScintillaPython\src\NotepadPython.cpp">
      <Filter>NppScintillaPython\src</Filter>
    </ClCompile>
    <ClCompile Include="..\NppScintillaPython\src\NotSupportedException.cpp">
      <Filter>NppScintillaPython\src</Filter>
    </ClCompile>
    <ClCompile Include="..\NppScintillaPython\src\NppAllocator.cpp">
      <Filter>NppScintillaPython\src</Filter>
    </ClCompile>
    <ClCompile Include="..\NppScintillaPython\src\ProcessExecute.cpp">
      <Filter>NppScintillaPython\src</Filter>
    </ClCompile>
    <ClCompile Include="..\NppScintillaPython\src\PyProducerConsumer.cpp">
      <Filter>NppScintillaPython\src</Filter>
    </ClCompile>
    <ClCompile Include="..\NppScintillaPython\src\PythonHandler.cpp">
      <Filter>NppScintillaPython\src</Filter>
    </ClCompile>
    <ClCompile Include="..\NppScintillaPython\src\ReplacementContainer.cpp">
      <Filter>NppScintillaPython\src</Filter>
    </ClCompile>
    <ClCompile Include="..\NppScintillaPython\src\Replacer.cpp">
      <Filter>NppScintillaPython\src</Filter>
    </ClCompile>
    <ClCompile Include="..\NppScintillaPython\src\ScintillaCallbackCounter.cpp">
      <Filter>NppScintillaPython\src</Filter>
    </ClCompile>
    <ClCompile Include="..\NppScintillaPython\src\ScintillaCells.cpp">
      <Filter>NppScintillaPython\src</Filter>
    </ClCompile>
    <ClCompile Include="..\NppScintillaPython\src\ScintillaPython.cpp">
      <Filter>NppScintillaPython\src</Filter>
    </ClCompile>
    <ClCompile Include="..\NppScintillaPython\src\ScintillaWrapper.cpp">
      <Filter>NppScintillaPython\src</Filter>
    </ClCompile>
    <ClCompile Include="..\NppScintillaPython\src\ScintillaWrapperGenerated.cpp">
      <Filter>NppScintillaPython\src</Filter>
    </ClCompile>
    <ClCompile Include="..\NppScintillaPython\src\StaticIDAllocator.cpp">
      <Filter>NppScintillaPython\src</Filter>
    </ClCompile>
    <ClCompile Include="..\NppScintillaPython\src\UTF8Iterator.cpp">
      <Filter>NppScintillaPython\src</Filter>
    </ClCompile>
    <ClCompile Include="..\NppScintillaPython\src\UtfConversion.cpp">
      <Filter>NppScintillaPython\src</Filter>
    </ClCompile>
    <ClCompile Include="..\NppScintillaPython\src\WcharMbcsConverter.cpp">
      <Filter>NppScintillaPython\src</Filter>
    </ClCompile>
    <ClCompile Include="..\NppWrapper\src\NppWrapper.cpp">
      <Filter>NppWrapper\src</Filter>
    </ClCompile>
    <ClCompile Include="..\NppPython\src\PyNpp.cpp">
      <Filter>NppPython\src</Filter>
    </ClCompile>
  </ItemGroup>
  <ItemGroup>
    <ClInclude Include="stdafx.h" />
    <ClInclude Include="..\NppPyScriptWinSupport\include\DialogBox.h">
      <Filter>NppPyScriptWinSupport\include</Filter>
    </ClInclude>
    <ClInclude Include="..\NppPyScriptWinSupport\include\ImportExport.h">
      <Filter>NppPyScriptWinSupport\include</Filter>
    </ClInclude>
    <ClInclude Include="..\NppPyScriptWinSupport\include\SampleDialogBox.h">
      <Filter>NppPyScriptWinSupport\include</Filter>
    </ClInclude>
    <ClInclude Include="..\NppPyScriptWinSupport\include\TreeView.h">
      <Filter>NppPyScriptWinSupport\include</Filter>
    </ClInclude>
    <ClInclude Include="..\NppPyScriptCore\include\ImportExport.h">
      <Filter>NppPyScriptCore\include</Filter>
    </ClInclude>
    <ClInclude Include="..\NppPyScriptCore\include\IScript.h">
      <Filter>NppPyScriptCore\include</Filter>
    </ClInclude>
    <ClInclude Include="..\NppPyScriptCore\include\IScriptGroup.h">
      <Filter>NppPyScriptCore\include</Filter>
    </ClInclude>
    <ClInclude Include="..\NppPyScriptCore\include\IScriptRegistry.h">
      <Filter>NppPyScriptCore\include</Filter>
    </ClInclude>
    <ClInclude Include="..\NppPyScriptCore\include\IScriptRegistryEventSink.h">
      <Filter>NppPyScriptCore\include</Filter>
    </ClInclude>
    <ClInclude Include="..\NppPyScriptCore\include\IScriptRunner.h">
      <Filter>NppPyScriptCore\include</Filter>
    </ClInclude>
    <ClInclude Include="..\NppPyScriptCore\include\Script.h">
      <Filter>NppPyScriptCore\include</Filter>
    </ClInclude>
    <ClInclude Include="..\NppPyScriptCore\include\ScriptGroup.h">
      <Filter>NppPyScriptCore\include</Filter>
    </ClInclude>
    <ClInclude Include="..\NppPyScriptCore\include\ScriptRegistry.h">
      <Filter>NppPyScriptCore\include</Filter>
    </ClInclude>
    <ClInclude Include="..\NppPyScriptCore\include\StringSupport.h">
      <Filter>NppPyScriptCore\include</Filter>
    </ClInclude>
    <ClInclude Include="..\NppPluginScriptView\include\menuCmdID.h">
      <Filter>NppPluginScriptView\include</Filter>
    </ClInclude>
    <ClInclude Include="..\NppPluginScriptView\include\PluginDefinition.h">
      <Filter>NppPluginScriptView\include</Filter>
    </ClInclude>
    <ClInclude Include="..\NppPluginAPI\include\ExceptionSupport.h">
      <Filter>NppPluginAPI\include</Filter>
    </ClInclude>
    <ClInclude Include="..\NppPluginAPI\include\Notepad_plus_msgs.h">
      <Filter>NppPluginAPI\include</Filter>
    </ClInclude>
    <ClInclude Include="..\NppPluginAPI\include\PluginInterface.h">
      <Filter>NppPluginAPI\include</Filter>
    </ClInclude>
    <ClInclude Include="..\NppPluginAPI\include\Scintilla.h">
      <Filter>NppPluginAPI\include</Filter>
    </ClInclude>
    <ClInclude Include="..\NppDockingTemplate\include\Docking.h">
      <Filter>NppDockingTemplate\include</Filter>
    </ClInclude>
    <ClInclude Include="..\NppDockingTemplate\include\DockingDlgInterface.h">
      <Filter>NppDockingTemplate\include</Filter>
    </ClInclude>
    <ClInclude Include="..\NppDockingTemplate\include\dockingResource.h">
      <Filter>NppDockingTemplate\include</Filter>
    </ClInclude>
    <ClInclude Include="..\NppDockingTemplate\include\ImportExport.h">
      <Filter>NppDockingTemplate\include</Filter>
    </ClInclude>
    <ClInclude Include="..\NppDockingTemplate\include\resource.h">
      <Filter>NppDockingTemplate\include</Filter>
    </ClInclude>
    <ClInclude Include="..\NppDockingTemplate\include\ScriptsViewDlg.h">
      <Filter>NppDockingTemplate\include</Filter>
    </ClInclude>
    <ClInclude Include="..\NppDockingTemplate\include\StaticDialog.h">
      <Filter>NppDockingTemplate\include</Filter>
    </ClInclude>
    <ClInclude Include="..\NppDockingTemplate\include\Window.h">
      <Filter>NppDockingTemplate\include</Filter>
    </ClInclude>
    <ClInclude Include="..\NppPython\include\boostpython.h">
      <Filter>NppPython\include</Filter>
    </ClInclude>
    <ClInclude Include="..\NppPython\include\ImportExport.h">
      <Filter>NppPython\include</Filter>
    </ClInclude>
    <ClInclude Include="..\NppPython\include\IPythonPluginManager.h">
      <Filter>NppPython\include</Filter>
    </ClInclude>
    <ClInclude Include="..\NppPython\include\PythonPluginManager.h">
      <Filter>NppPython\include</Filter>
    </ClInclude>
    <ClInclude Include="..\NppScintillaPython\include\ANSIIterator.h">
      <Filter>NppScintillaPython\include</Filter>
    </ClInclude>
    <ClInclude Include="..\NppScintillaPython\include\ArgumentException.h">
      <Filter>NppScintillaPython\include</Filter>
    </ClInclude>
    <ClInclude Include="..\NppScintillaPython\include\CallbackExecArgs.h">
      <Filter>NppScintillaPython\include</Filter>
    </ClInclude>
    <ClInclude Include="..\NppScintillaPython\include\ConfigFile.h">
      <Filter>NppScintillaPython\include</Filter>
    </ClInclude>
    <ClInclude Include="..\NppScintillaPython\include\ConstString.h">
      <Filter>NppScintillaPython\include</Filter>
    </ClInclude>
    <ClInclude Include="..\NppScintillaPython\include\DebugTrace.h">
      <Filter>NppScintillaPython\include</Filter>
    </ClInclude>
    <ClInclude Include="..\NppScintillaPython\include\DepthCounter.h">
      <Filter>NppScintillaPython\include</Filter>
    </ClInclude>
    <ClInclude Include="..\NppScintillaPython\include\DynamicIDManager.h">
      <Filter>NppScintillaPython\include</Filter>
    </ClInclude>
    <ClInclude Include="..\NppScintillaPython\include\Enums.h">
      <Filter>NppScintillaPython\include</Filter>
    </ClInclude>
    <ClInclude Include="..\NppScintillaPython\include\GILManager.h">
      <Filter>NppScintillaPython\include</Filter>
    </ClInclude>
    <ClInclude Include="..\NppScintillaPython\include\GroupNotFoundException.h">
      <Filter>NppScintillaPython\include</Filter>
    </ClInclude>
    <ClInclude Include="..\NppScintillaPython\include\HelpController.h">
      <Filter>NppScintillaPython\include</Filter>
    </ClInclude>
    <ClInclude Include="..\NppScintillaPython\include\IDAllocator.h">
      <Filter>NppScintillaPython\include</Filter>
    </ClInclude>
    <ClInclude Include="..\NppScintillaPython\include\ImportExport.h">
      <Filter>NppScintillaPython\include</Filter>
    </ClInclude>
    <ClInclude Include="..\NppScintillaPython\include\InvalidValueProvidedException.h">
      <Filter>NppScintillaPython\include</Filter>
    </ClInclude>
    <ClInclude Include="..\NppScintillaPython\include\MainThread.h">
      <Filter>NppScintillaPython\include</Filter>
    </ClInclude>
    <ClInclude Include="..\NppScintillaPython\include\Match.h">
      <Filter>NppScintillaPython\include</Filter>
    </ClInclude>
    <ClInclude Include="..\NppScintillaPython\include\MatchPython.h">
      <Filter>NppScintillaPython\include</Filter>
    </ClInclude>
    <ClInclude Include="..\NppScintillaPython\include\MutexHolder.h">
      <Filter>NppScintillaPython\include</Filter>
    </ClInclude>
    <ClInclude Include="..\NppScintillaPython\include\NotAllowedInCallbackException.h">
      <Filter>NppScintillaPython\include</Filter>
    </ClInclude>
    <ClInclude Include="..\NppScintillaPython\include\NotepadPlusBuffer.h">
      <Filter>NppScintillaPython\include</Filter>
    </ClInclude>
    <ClInclude Include="..\NppScintillaPython\include\NotepadPlusWrapper.h">
      <Filter>NppScintillaPython\include</Filter>
    </ClInclude>
    <ClInclude Include="..\NppScintillaPython\include\NotepadPython.h">
      <Filter>NppScintillaPython\include</Filter>
    </ClInclude>
    <ClInclude Include="..\NppScintillaPython\include\NotSupportedException.h">
      <Filter>NppScintillaPython\include</Filter>
    </ClInclude>
    <ClInclude Include="..\NppScintillaPython\include\NppAllocator.h">
      <Filter>NppScintillaPython\include</Filter>
    </ClInclude>
    <ClInclude Include="..\NppScintillaPython\include\ProcessExecute.h">
      <Filter>NppScintillaPython\include</Filter>
    </ClInclude>
    <ClInclude Include="..\NppScintillaPython\include\PyProducerConsumer.h">
      <Filter>NppScintillaPython\include</Filter>
    </ClInclude>
    <ClInclude Include="..\NppScintillaPython\include\PythonHandler.h">
      <Filter>NppScintillaPython\include</Filter>
    </ClInclude>
    <ClInclude Include="..\NppScintillaPython\include\PythonScript.h">
      <Filter>NppScintillaPython\include</Filter>
    </ClInclude>
    <ClInclude Include="..\NppScintillaPython\include\PythonScriptVersion.h">
      <Filter>NppScintillaPython\include</Filter>
    </ClInclude>
    <ClInclude Include="..\NppScintillaPython\include\ReplaceEntry.h">
      <Filter>NppScintillaPython\include</Filter>
    </ClInclude>
    <ClInclude Include="..\NppScintillaPython\include\ReplacementContainer.h">
      <Filter>NppScintillaPython\include</Filter>
    </ClInclude>
    <ClInclude Include="..\NppScintillaPython\include\Replacer.h">
      <Filter>NppScintillaPython\include</Filter>
    </ClInclude>
    <ClInclude Include="..\NppScintillaPython\include\ScintillaCallback.h">
      <Filter>NppScintillaPython\include</Filter>
    </ClInclude>
    <ClInclude Include="..\NppScintillaPython\include\ScintillaCallbackCounter.h">
      <Filter>NppScintillaPython\include</Filter>
    </ClInclude>
    <ClInclude Include="..\NppScintillaPython\include\ScintillaCells.h">
      <Filter>NppScintillaPython\include</Filter>
    </ClInclude>
    <ClInclude Include="..\NppScintillaPython\include\ScintillaNotifications.h">
      <Filter>NppScintillaPython\include</Filter>
    </ClInclude>
    <ClInclude Include="..\NppScintillaPython\include\ScintillaPython.h">
      <Filter>NppScintillaPython\include</Filter>
    </ClInclude>
    <ClInclude Include="..\NppScintillaPython\include\ScintillaWrapper.h">
      <Filter>NppScintillaPython\include</Filter>
    </ClInclude>
    <ClInclude Include="..\NppScintillaPython\include\ScintillaWrapperGenerated.h">
      <Filter>NppScintillaPython\include</Filter>
    </ClInclude>
    <ClInclude Include="..\NppScintillaPython\include\StaticIDAllocator.h">
      <Filter>NppScintillaPython\include</Filter>
    </ClInclude>
    <ClInclude Include="..\NppScintillaPython\include\typedefs.h">
      <Filter>NppScintillaPython\include</Filter>
    </ClInclude>
    <ClInclude Include="..\NppScintillaPython\include\Utf8.h">
      <Filter>NppScintillaPython\include</Filter>
    </ClInclude>
    <ClInclude Include="..\NppScintillaPython\include\UTF8Iterator.h">
      <Filter>NppScintillaPython\include</Filter>
    </ClInclude>
    <ClInclude Include="..\NppScintillaPython\include\UtfConversion.h">
      <Filter>NppScintillaPython\include</Filter>
    </ClInclude>
    <ClInclude Include="..\NppScintillaPython\include\WcharMbcsConverter.h">
      <Filter>NppScintillaPython\include</Filter>
    </ClInclude>
    <ClInclude Include="..\NppWrapper\include\ImportExport.h">
      <Filter>NppWrapper\include</Filter>
    </ClInclude>
    <ClInclude Include="..\NppWrapper\include\INppWrapper.h">
      <Filter>NppWrapper\include</Filter>
    </ClInclude>
    <ClInclude Include="..\NppWrapper\include\NppWrapper.h">
      <Filter>NppWrapper\include</Filter>
    </ClInclude>
    <ClInclude Include="..\NppPython\include\pynpp.h">
      <Filter>NppPython\include</Filter>
    </ClInclude>
  </ItemGroup>
  <ItemGroup>
    <Filter Include="NppDockingTemplate">
      <UniqueIdentifier>{54b5a5f9-fee2-4d6d-8eb6-39aba41a7623}</UniqueIdentifier>
    </Filter>
    <Filter Include="NppPluginAPI">
      <UniqueIdentifier>{390aba2c-9398-42c5-8ca3-1b8f1807e00f}</UniqueIdentifier>
    </Filter>
    <Filter Include="NppPluginScriptView">
      <UniqueIdentifier>{c272e5b3-331d-4900-849d-a452f31aa45c}</UniqueIdentifier>
    </Filter>
    <Filter Include="NppPyScriptCore">
      <UniqueIdentifier>{3f854ca3-552a-4cfa-bb61-89c86612d7ce}</UniqueIdentifier>
    </Filter>
    <Filter Include="NppPyScriptWinSupport">
      <UniqueIdentifier>{3a2966a9-8733-4f16-8cef-fdb2519081ab}</UniqueIdentifier>
    </Filter>
    <Filter Include="NppPyScriptWinSupport\include">
      <UniqueIdentifier>{078ef944-2f76-4de2-b31e-a0c996b3f5ea}</UniqueIdentifier>
    </Filter>
    <Filter Include="NppPyScriptWinSupport\src">
      <UniqueIdentifier>{1cb8739a-1a7a-4514-ab4d-3b7a2a4b5871}</UniqueIdentifier>
    </Filter>
    <Filter Include="NppPyScriptCore\include">
      <UniqueIdentifier>{66715ba1-6bb0-4c99-a0fc-47964dcf44cc}</UniqueIdentifier>
    </Filter>
    <Filter Include="NppPyScriptCore\src">
      <UniqueIdentifier>{dfb457f8-7cbf-463d-b69f-cece5b548ee8}</UniqueIdentifier>
    </Filter>
    <Filter Include="NppPluginScriptView\src">
      <UniqueIdentifier>{f16caf3d-76ae-405b-896f-f1523ce2c82d}</UniqueIdentifier>
    </Filter>
    <Filter Include="NppPluginScriptView\include">
      <UniqueIdentifier>{c7405515-1e88-4524-aaac-5dda722e78a9}</UniqueIdentifier>
    </Filter>
    <Filter Include="NppPluginAPI\include">
      <UniqueIdentifier>{75ecc1e1-b092-4cd4-b728-23993ce42a2b}</UniqueIdentifier>
    </Filter>
    <Filter Include="NppDockingTemplate\include">
      <UniqueIdentifier>{54de8737-f69e-412b-bfce-d019a05ac7af}</UniqueIdentifier>
    </Filter>
    <Filter Include="NppDockingTemplate\src">
      <UniqueIdentifier>{79ac4ffb-bcd3-479c-9c04-096b669a4e71}</UniqueIdentifier>
    </Filter>
    <Filter Include="NppPython">
      <UniqueIdentifier>{3b0fe599-400d-4e0e-b4cd-7be0a83c6013}</UniqueIdentifier>
    </Filter>
    <Filter Include="NppPython\src">
      <UniqueIdentifier>{9297525c-b2a7-4d80-826c-6f52b2526acd}</UniqueIdentifier>
    </Filter>
    <Filter Include="NppPython\include">
      <UniqueIdentifier>{298bf2e6-7e49-4e61-a48d-ff41f77892d1}</UniqueIdentifier>
    </Filter>
    <Filter Include="NppScintillaPython">
      <UniqueIdentifier>{047ddbe9-f91b-4a11-b3ad-0129c17f35df}</UniqueIdentifier>
    </Filter>
    <Filter Include="NppScintillaPython\src">
      <UniqueIdentifier>{c7eeb694-e6be-4950-9733-40e53071418f}</UniqueIdentifier>
    </Filter>
    <Filter Include="NppScintillaPython\include">
      <UniqueIdentifier>{f3305083-bce3-4009-b7e6-1e0b62cf41cf}</UniqueIdentifier>
    </Filter>
    <Filter Include="NppWrapper">
      <UniqueIdentifier>{370b4230-b6a7-488f-8251-bc62dbe24358}</UniqueIdentifier>
    </Filter>
    <Filter Include="NppWrapper\src">
      <UniqueIdentifier>{dca74c1c-6a35-4c77-b406-d1d404c2c9d4}</UniqueIdentifier>
    </Filter>
    <Filter Include="NppWrapper\include">
      <UniqueIdentifier>{8e219bbf-347b-4756-aabd-0a2b96482cf7}</UniqueIdentifier>
    </Filter>
  </ItemGroup>
</Project>